
Microsoft Visual Studio Solution File, Format Version 12.00
# Visual Studio Version 16
VisualStudioVersion = 16.0.31321.278
MinimumVisualStudioVersion = 10.0.40219.1
Project("{FAE04EC0-301F-11D3-BF4B-00C04F79EFBC}") = "GestionStore", "GestionStore\GestionStore.csproj", "{4C8F613C-E2B8-411C-B9A3-1AC054A2C880}"
EndProject
Global
	GlobalSection(SolutionConfigurationPlatforms) = preSolution
		Debug|Any CPU = Debug|Any CPU
		Release|Any CPU = Release|Any CPU
	EndGlobalSection
	GlobalSection(ProjectConfigurationPlatforms) = postSolution
		{4C8F613C-E2B8-411C-B9A3-1AC054A2C880}.Debug|Any CPU.ActiveCfg = Debug|Any CPU
		{4C8F613C-E2B8-411C-B9A3-1AC054A2C880}.Debug|Any CPU.Build.0 = Debug|Any CPU
		{4C8F613C-E2B8-411C-B9A3-1AC054A2C880}.Release|Any CPU.ActiveCfg = Release|Any CPU
		{4C8F613C-E2B8-411C-B9A3-1AC054A2C880}.Release|Any CPU.Build.0 = Release|Any CPU
	EndGlobalSection
	GlobalSection(SolutionProperties) = preSolution
		HideSolutionNode = FALSE
	EndGlobalSection
	GlobalSection(ExtensibilityGlobals) = postSolution
		SolutionGuid = {C396EEC4-2DBE-4492-AEFC-8E1480A2A432}
	EndGlobalSection
EndGlobal
